
Microsoft Visual Studio Solution File, Format Version 12.00
# Visual Studio Version 16
VisualStudioVersion = 16.0.31019.35
MinimumVisualStudioVersion = 10.0.40219.1
Project("{FAE04EC0-301F-11D3-BF4B-00C04F79EFBC}") = "IA-Cant-Stop", "IA-Cant-Stop\IA-Cant-Stop.csproj", "{0DA6159B-F8ED-4343-B750-06F2BF63D34D}"
EndProject
Global
	GlobalSection(SolutionConfigurationPlatforms) = preSolution
		Debug|Any CPU = Debug|Any CPU
		Release|Any CPU = Release|Any CPU
	EndGlobalSection
	GlobalSection(ProjectConfigurationPlatforms) = postSolution
		{0DA6159B-F8ED-4343-B750-06F2BF63D34D}.Debug|Any CPU.ActiveCfg = Debug|Any CPU
		{0DA6159B-F8ED-4343-B750-06F2BF63D34D}.Debug|Any CPU.Build.0 = Debug|Any CPU
		{0DA6159B-F8ED-4343-B750-06F2BF63D34D}.Release|Any CPU.ActiveCfg = Release|Any CPU
		{0DA6159B-F8ED-4343-B750-06F2BF63D34D}.Release|Any CPU.Build.0 = Release|Any CPU
	EndGlobalSection
	GlobalSection(SolutionProperties) = preSolution
		HideSolutionNode = FALSE
	EndGlobalSection
	GlobalSection(ExtensibilityGlobals) = postSolution
		SolutionGuid = {207B7BE6-9710-471E-80B9-A040645E066E}
	EndGlobalSection
EndGlobal
